
Microsoft Visual Studio Solution File, Format Version 12.00
# Visual Studio 15
VisualStudioVersion = 15.0.27428.2037
MinimumVisualStudioVersion = 10.0.40219.1
Project("{8BC9CEB8-8B4A-11D0-8D11-00A0C91BC942}") = "GDIdemo4", "GDIdemo4\GDIdemo4.vcxproj", "{91187481-C16E-41A4-A322-D9C39B1A5272}"
EndProject
Global
	GlobalSection(SolutionConfigurationPlatforms) = preSolution
		Debug|x64 = Debug|x64
		Debug|x86 = Debug|x86
		Release|x64 = Release|x64
		Release|x86 = Release|x86
	EndGlobalSection
	GlobalSection(ProjectConfigurationPlatforms) = postSolution
		{91187481-C16E-41A4-A322-D9C39B1A5272}.Debug|x64.ActiveCfg = Debug|x64
		{91187481-C16E-41A4-A322-D9C39B1A5272}.Debug|x64.Build.0 = Debug|x64
		{91187481-C16E-41A4-A322-D9C39B1A5272}.Debug|x86.ActiveCfg = Debug|Win32
		{91187481-C16E-41A4-A322-D9C39B1A5272}.Debug|x86.Build.0 = Debug|Win32
		{91187481-C16E-41A4-A322-D9C39B1A5272}.Release|x64.ActiveCfg = Release|x64
		{91187481-C16E-41A4-A322-D9C39B1A5272}.Release|x64.Build.0 = Release|x64
		{91187481-C16E-41A4-A322-D9C39B1A5272}.Release|x86.ActiveCfg = Release|Win32
		{91187481-C16E-41A4-A322-D9C39B1A5272}.Release|x86.Build.0 = Release|Win32
	EndGlobalSection
	GlobalSection(SolutionProperties) = preSolution
		HideSolutionNode = FALSE
	EndGlobalSection
	GlobalSection(ExtensibilityGlobals) = postSolution
		SolutionGuid = {2A81E8FC-83B2-4EB6-9BCC-696E2303BCB2}
	EndGlobalSection
EndGlobal
